{
  "originHash" : "3d1693a5842502f0593091617a9487781c61c3a9f509cedbb3661234762353e3",
  "pins" : [
    {
      "identity" : "kinisbalanceaikit",
      "kind" : "remoteSourceControl",
      "location" : "https://github.com/Kinis-Healthtech-Inc/KinisBalanceAIKit.git",
      "state" : {
        "revision" : "32f8871dbcc54873d392dd0442d859f5e0462abb",
        "version" : "1.0.16"
      }
    }
  ],
  "version" : 3
}
